
Microsoft Visual Studio Solution File, Format Version 12.00
# Visual Studio Version 17
VisualStudioVersion = 17.2.32526.322
MinimumVisualStudioVersion = 10.0.40219.1
Project("{FAE04EC0-301F-11D3-BF4B-00C04F79EFBC}") = "MvcOnlineTicariOtomasyon", "MvcOnlineTicariOtomasyon\MvcOnlineTicariOtomasyon.csproj", "{1222C6BC-F142-4976-9472-DCC8D1A7F42E}"
EndProject
Global
	GlobalSection(SolutionConfigurationPlatforms) = preSolution
		Debug|Any CPU = Debug|Any CPU
		Release|Any CPU = Release|Any CPU
	EndGlobalSection
	GlobalSection(ProjectConfigurationPlatforms) = postSolution
		{1222C6BC-F142-4976-9472-DCC8D1A7F42E}.Debug|Any CPU.ActiveCfg = Debug|Any CPU
		{1222C6BC-F142-4976-9472-DCC8D1A7F42E}.Debug|Any CPU.Build.0 = Debug|Any CPU
		{1222C6BC-F142-4976-9472-DCC8D1A7F42E}.Release|Any CPU.ActiveCfg = Release|Any CPU
		{1222C6BC-F142-4976-9472-DCC8D1A7F42E}.Release|Any CPU.Build.0 = Release|Any CPU
	EndGlobalSection
	GlobalSection(SolutionProperties) = preSolution
		HideSolutionNode = FALSE
	EndGlobalSection
	GlobalSection(ExtensibilityGlobals) = postSolution
		SolutionGuid = {FF583B7D-8A76-4B1B-951A-A9864EB82BD8}
	EndGlobalSection
EndGlobal
